github.com/Microsoft/go-winio v0.6.2 h1:F2VQgWVi7Ksc8fK3nDX+SJiGG/oU0Aa6INNbjDEAmDg=
github.com/Microsoft/go-winio v0.6.2/go.mod h1:yd8OoFML3NyADa0r1rNsQK6BXkYNj2cVc7oqFbW3+Oc=
github.com/ProjectZKM/Ziren/crates/go-runtime/zkvm_runtime v0.0.0-20260218040609-6f1c0c95351b h1:iGLcd7v3Yckrw0lGgBz5IwyRPMMLdhD8BQIHMl6ttvI=
github.com/ProjectZKM/Ziren/crates/go-runtime/zkvm_runtime v0.0.0-20260218040609-6f1c0c95351b/go.mod h1:oAUfJ4H1i6xvX/mn3EuQNNgyMhL+xXZIfLw/M45AXLs=
github.com/andybalholm/brotli v1.2.0 h1:ucD4dSU4M6StZFFLBdr4sRqbh3l4Cj3F+BViUMI3H/w=
github.com/andybalholm/brotli v1.2.0/go.mod h1:5LGVJb2nrX3j3W1n7q++G9qPK1dLDCF3pC4ixdl3APg=
github.com/anthropics/anthropic-sdk-go v1.26.0 h1:ysrq1fQOc4g97AIJfE42rWML5X4WpwvOMnqYOCLFWGQ=
github.com/anthropics/anthropic-sdk-go v1.26.0/go.mod h1:St+G48ybgFNB7bf+krPz6nlmsAHM0AAa4l6Q3HExUeo=
github.com/aws/aws-lambda-go v1.54.0 h1:gymHJTqfR4QghMBSQ7MQGf7yMS2GYqzq8sPAX7UqDxc=
github.com/aws/aws-lambda-go v1.54.0/go.mod h1:XKu8gBQBwLqNPmdDURC2pVZ8A2dPuoY/ww7lMCEqcEI=
github.com/aws/aws-sdk-go-v2 v1.41.7 h1:TdbHNaYp96uYPK6z/oFH/GjqBqxqk+NSDHN4zRPkN50=
github.com/aws/aws-sdk-go-v2 v1.41.7/go.mod h1:t8q2EeJHPW0WrZBji0sTqnKADdFhMoXOrwNkj82RVpg=
github.com/aws/aws-sdk-go-v2/aws/protocol/eventstream v1.7.8 h1:sRzAk7U9FnIOC5QuqonY9/sfCf+nJkFbp9J6u+YrVdQ=
github.com/aws/aws-sdk-go-v2/aws/protocol/eventstream v1.7.8/go.mod h1:sz/TRmQYksgRNvp1N0gE5MQjX6NVixhUFSTC+2HW+2M=
github.com/aws/aws-sdk-go-v2/config v1.32.12 h1:I9xHAldiNp9yTitO8B38GqbVrRE89HclZ5yKorvSP6g=
github.com/aws/aws-sdk-go-v2/config v1.32.12/go.mod h1:2b50Uhh2Ixt7jfY7r3gIUGrBm6r7sIC6kdNL2ADpCFY=
github.com/aws/aws-sdk-go-v2/credentials v1.19.12 h1:2K0oQUf93h9qB9NvdqE6MYT9o+QnKthmHmAx81U+HNc=
github.com/aws/aws-sdk-go-v2/credentials v1.19.12/go.mod h1:0DK3NIP2DSUXUaZ3neTvIEzw4eXWekPz3aCY5hlZ0pE=
github.com/aws/aws-sdk-go-v2/feature/ec2/imds v1.18.20 h1:f1SeilWqKBFaOef3lUj9UcNWShCcpQ+oNltzYvEddLM=
github.com/aws/aws-sdk-go-v2/feature/ec2/imds v1.18.20/go.mod h1:U45G1Apqu6mJYep6iS7cfLPNQZAtmlDE+n7Fm79UBmo=
github.com/aws/aws-sdk-go-v2/internal/configsources v1.4.23 h1:F8qSBQKpIkIPn2HMTm37st7D5U1uI+QAA+PoCpnpe8g=
github.com/aws/aws-sdk-go-v2/internal/configsources v1.4.23/go.mod h1:4E0/l3eaT0BPdnBFoC2bJBi+X2wjI3y/Haz3OY17+u4=
github.com/aws/aws-sdk-go-v2/internal/endpoints/v2 v2.7.23 h1:c0vOgsm7YXt3IxJoP5bKf0k0H9W1s8lkO5aRaaeRtws=
github.com/aws/aws-sdk-go-v2/internal/endpoints/v2 v2.7.23/go.mod h1:RTCWnsT88mYgwnQQmOLTYIZptOrKED7EFwPqAeFRQ4k=
github.com/aws/aws-sdk-go-v2/internal/ini v1.8.6 h1:lBssCaOOc1mxNAJ9PKObf/wTv4IX0EYhJv2Ng/Cxi0I=
github.com/aws/aws-sdk-go-v2/internal/ini v1.8.6/go.mod h1:Yc7sIdkz2v1KJX+En9ZXRZ6jWRGEwDA2LAW4HJrh8vM=
github.com/aws/aws-sdk-go-v2/internal/v4a v1.4.22 h1:wzB9bQ3UAT5usR4pPnK38lmYKVYQQdB0GJgWMvEDeOU=
github.com/aws/aws-sdk-go-v2/internal/v4a v1.4.22/go.mod h1:n+HvvCZX8JjGBsKF0ILcybaqDALeP3pPcLRMWWQy8ZU=
github.com/aws/aws-sdk-go-v2/service/apigatewaymanagementapi v1.29.13 h1:RSPPimRvsD0Zmy/ryoIakQ36ARX6Y9o9S6tGAkqqPvQ=
github.com/aws/aws-sdk-go-v2/service/apigatewaymanagementapi v1.29.13/go.mod h1:UF9b5jJ6R4OpoX7kqMB84pVzoiaDcXvqzJ3Cqxt5/kM=
github.com/aws/aws-sdk-go-v2/service/codebuild v1.68.12 h1:NtdZss3M8JMg4CXddHSFQRjTSfthzuOIQO+FkrLQ2xk=
github.com/aws/aws-sdk-go-v2/service/codebuild v1.68.12/go.mod h1:JfS/TdxgOzg+qYgM8VgAbST8soPgJvzhLGFWkQHwaxs=
github.com/aws/aws-sdk-go-v2/service/comprehend v1.40.20 h1:LlVqHrDErsX6ILuOkD8sPIlgNE1d8u2GBx0/A2b7e9s=
github.com/aws/aws-sdk-go-v2/service/comprehend v1.40.20/go.mod h1:JKpxJ0VyxFpKaH+uCFSccl7+WF8xBsvtVgScBsoAcbA=
github.com/aws/aws-sdk-go-v2/service/dynamodb v1.56.2 h1:fKQZQtg20UtADg+6UZ8MqoML4Bl9y8nNJTtez6PVK9U=
github.com/aws/aws-sdk-go-v2/service/dynamodb v1.56.2/go.mod h1:4KStDC5J8YGGTlEu16dpRTCgmKx5Oey6PrR1HxQlw78=
github.com/aws/aws-sdk-go-v2/service/iam v1.53.9 h1:kQxXf/pV73TlSOT3nBo0K8X9i3BR38AU1Vt7FS++MHI=
github.com/aws/aws-sdk-go-v2/service/iam v1.53.9/go.mod h1:0xfA/qncCeF9/M50+X/Ny0l/13mxG1JRRMM9rSq+MPs=
github.com/aws/aws-sdk-go-v2/service/internal/accept-encoding v1.13.7 h1:fJNQQBCNULgIH5nRPgMhFmXgjxV3bHTgb0+m2PdvN50=
github.com/aws/aws-sdk-go-v2/service/internal/accept-encoding v1.13.7/go.mod h1:gVWJq/s7J0Fc36bP/VLWM79Pw0lnmqLBx4fS04QuJ1E=
github.com/aws/aws-sdk-go-v2/service/internal/checksum v1.9.13 h1:VxSF3SNs0LN90edV9v2U5kHAaECP2Nk6NBdk1bjyw9w=
github.com/aws/aws-sdk-go-v2/service/internal/checksum v1.9.13/go.mod h1:3lN5jAwK9tBbZ10DdULw+NZOVh4h4ZNyUj89cMbcG14=
github.com/aws/aws-sdk-go-v2/service/internal/endpoint-discovery v1.11.20 h1:jS4IAiHxDTYlsH5/jVQVl6osHSlVUnzFxHnmw9j2yhs=
github.com/aws/aws-sdk-go-v2/service/internal/endpoint-discovery v1.11.20/go.mod h1:8IrV1w9q3R6BvlhvPr1IDPqvmqaQ9R7WMqFfl2OaB5g=
github.com/aws/aws-sdk-go-v2/service/internal/presigned-url v1.13.21 h1:BpAwqNfG46jhjr1Xln6IhdxzOTRc1qdcUR19Q4Yb2g4=
github.com/aws/aws-sdk-go-v2/service/internal/presigned-url v1.13.21/go.mod h1:J6jO1CGJWqLbSLT9QmFh1EwS8iCEEpajgEF5OGCdVQw=
github.com/aws/aws-sdk-go-v2/service/internal/s3shared v1.19.21 h1:iL9NAwGDfsB/+sye9mfSCZh1V6qCDZ+HFTIbV/SjSVM=
github.com/aws/aws-sdk-go-v2/service/internal/s3shared v1.19.21/go.mod h1:MQuiTbbM5jqOVWwaxn3YntBAyLcBLxDtLrNftKlHBNg=
github.com/aws/aws-sdk-go-v2/service/kms v1.50.3 h1:kXjrPqnQS0UOqCu5xQ4rC06+ZxQq2I4znz3PEv47sKE=
github.com/aws/aws-sdk-go-v2/service/kms v1.50.3/go.mod h1:TdCDsbm7u+tpL8yE3oGirJE/YAH/CNYQ/AsO7dhOMFM=
github.com/aws/aws-sdk-go-v2/service/organizations v1.50.5 h1:gn+wo1Qd09Ph8l78WplmuSB5cTwJCE0ftFl0Y0+wMYI=
github.com/aws/aws-sdk-go-v2/service/organizations v1.50.5/go.mod h1:TdfqU0AwAkn8ILhz0Yls1MLyhs/+nOMF0WQAEqZm0Kc=
github.com/aws/aws-sdk-go-v2/service/rekognition v1.51.19 h1:gzzkJlADW0ab6zHqPN5s0y27JXeLxOeF85mJq7oxH2Y=
github.com/aws/aws-sdk-go-v2/service/rekognition v1.51.19/go.mod h1:voSs7kyyPF8NlhHLrzAQ4Y2KWmIwmH2DjNX0HLq7I+g=
github.com/aws/aws-sdk-go-v2/service/route53 v1.62.4 h1:JNl4pq2xqgMrj19kM6kCeeY+vMMkLIQ+vfGJS9RgR/M=
github.com/aws/aws-sdk-go-v2/service/route53 v1.62.4/go.mod h1:vMii7d82aMAwv8Bh5ujH0Tyxo4tMJZ7v1sF0qXgOWY8=
github.com/aws/aws-sdk-go-v2/service/s3 v1.97.3 h1:42aw1Mmr+DEYxxPNBfiQzZc19BUufsNvOSB2ipHcKKo=
github.com/aws/aws-sdk-go-v2/service/s3 v1.97.3/go.mod h1:GXfDn8NiSF/cHqucEwaGP/rHQfx0kSfJu6fV3kbQ6Uc=
github.com/aws/aws-sdk-go-v2/service/secretsmanager v1.41.4 h1:gpL0t6f3fK6kp5PtTTj8tlsTkVrOgJbc4cb2dt+9g8g=
github.com/aws/aws-sdk-go-v2/service/secretsmanager v1.41.4/go.mod h1:6QlT+I6uDfVXhxMbDPSFOgKbkAc4/MgNM0LrQ5gFDeU=
github.com/aws/aws-sdk-go-v2/service/signin v1.0.8 h1:3Gy9tnbTSiGNqb4uUqH1iS6dQrDgGUDt3sZ2j1fGqOM=
github.com/aws/aws-sdk-go-v2/service/signin v1.0.8/go.mod h1:LnTNRtgQ6g9bNp7LhMB7iNTQfsCuDNfEZVrDPIXPgyI=
github.com/aws/aws-sdk-go-v2/service/sns v1.39.14 h1:mFXkYxj/fAXXdUTcT4rq3qGuKZ1AQxXgGnQgyGOBVUM=
github.com/aws/aws-sdk-go-v2/service/sns v1.39.14/go.mod h1:7xvtrjVhJ/2fDq2/QdHGi/s3PCscUbx9CMjSY1iL9q0=
github.com/aws/aws-sdk-go-v2/service/sqs v1.42.24 h1:yf5Amz5/mo07MtO/8K2/FG4HrRVhn0e2xy01HQWjOAI=
github.com/aws/aws-sdk-go-v2/service/sqs v1.42.24/go.mod h1:77wMwD+aK7z3pEWkC+8cL9kIXz1RhK0FW7F2KkHQjUU=
github.com/aws/aws-sdk-go-v2/service/ssm v1.68.3 h1:ZN5UMAB9Eczl8FyaqRNeq0jFC6GmCo2D/Ri7hHlGQNA=
github.com/aws/aws-sdk-go-v2/service/ssm v1.68.3/go.mod h1:ANa5tIIBQK0J3OzbH1p+0nyjrNctiwQr0XaxN+b6ax4=
github.com/aws/aws-sdk-go-v2/service/sso v1.30.13 h1:oETbmP44g+O9dZ9M0yIpMNFF3PLUN59+OIM1xrFdkgc=
github.com/aws/aws-sdk-go-v2/service/sso v1.30.13/go.mod h1:nQkNsUfLM0HfsLll0Vqx0gnH2SCE3SqSUAHqBPGq7tA=
github.com/aws/aws-sdk-go-v2/service/ssooidc v1.35.17 h1:SPWl4kGgkA2rGWQzAe4NH4eB5xHM1Ns4elgJDfyFkjg=
github.com/aws/aws-sdk-go-v2/service/ssooidc v1.35.17/go.mod h1:QcgL1xJev0c6hOAhMj+FPFMWQNsgy8qYZ2g4nT2cbn8=
github.com/aws/aws-sdk-go-v2/service/sts v1.41.9 h1:tBrYNq9GD3Y7vsK5L3RFE4hE7P1Aag20p2Nq91HOl/Q=
github.com/aws/aws-sdk-go-v2/service/sts v1.41.9/go.mod h1:7F6fS+rL4Fk3NTqoG/9c2v6J1Sl8IqVigY0Gd00jr5s=
github.com/aws/smithy-go v1.25.1 h1:Pqk4qB0f6VqmkS9UaJsU4s0UGHGHr6Z19Ne4GTStG6c=
github.com/aws/smithy-go v1.25.1/go.mod h1:irrKGvNn1InZwb2f7ZOIR3J18K7cJ8Lm6d4hHCfjy9Q=
github.com/bits-and-blooms/bitset v1.24.4 h1:HcqgZb8Fh3A4wcz3OZ93yWv7zqB3A7m6mY6flCnPjs=
github.com/bits-and-blooms/bitset v1.24.4/go.mod h1:7xOaEdEiq9nMqd2PZg6cMQKusUNkrCpBdsHLOs5w4WA=
github.com/cespare/xxhash/v2 v2.3.0 h1:UL815xU9SqsFlibzuggzjXhog7bL6oX9BbNZn9a//+w=
github.com/cespare/xxhash/v2 v2.3.0/go.mod h1:VGX0DQ3Q6kWi7AoAeZDth3/j3BFtOZR5XLFGgcrjCOs=
github.com/chromedp/cdproto v0.0.0-20250803210736-d308e07a266d h1:h5EB/UmBuYLrJaQGaAdPn1ofBY1sJYJue+0hGDSKm2U=
github.com/chromedp/cdproto v0.0.0-20250803210736-d308e07a266d/go.mod h1:5GGpTuSB0R5Iyy16gB5mf+ix8N/rrFUp2Xw2tJ56u1k=
github.com/chromedp/chromedp v0.14.2 h1:WlLrNEPVcPF0iM+AdUzEGT/TcH35oov/wOQvCTJ06iQ=
github.com/chromedp/chromedp v0.14.2/go.mod h1:t9NizWexB0BjAFCYKAA/3pZPU7on3AQtfKClJxF86r0=
github.com/chromedp/sysutil v1.1.0 h1:PUFNvxoEkLw8GGc8ed7T+jNBebAvP8bhJpCrMx8nYg4=
github.com/chromedp/sysutil v1.1.0/go.mod h1:iv9AbiQW7lSyBKzMtEbuGCIlSqsn2L3M7/bPJvQy3qM=
github.com/consensys/gnark-crypto v0.19.2 h1:ktCU7Vov71/Yw5ciEdwqVc/6t4FcGYIIn4qWPBB07cY=
github.com/consensys/gnark-crypto v0.19.2/go.mod h1:1QBOc8ZPGTgrw2QoSwm+RjLrSg4EbfY5jzObHpV3NgQ=
github.com/crate-crypto/go-eth-kzg v1.5.0 h1:NcRTBGFPq6Kiwk9W8l3kzNeLhdn+6JqM2bEEQ1HMVqE=
github.com/crate-crypto/go-eth-kzg v1.5.0/go.mod h1:QhE5HL7aexO1CqXgHH9D+6H5MBKNg11DqdhbH+ooxcE=
github.com/cyberphone/json-canonicalization v0.0.0-20241213102144-19d51d7fe467 h1:4vWrQ1a2zrsMxtSesl3UeTE1fy5PmHq1wDxAHMcqAow=
github.com/cyberphone/json-canonicalization v0.0.0-20241213102144-19d51d7fe467/go.mod h1:uz71TvUD7esX7OQ8EaYK6gDGcnIPbAZWXXhR1e0nYBs=
github.com/davecgh/go-spew v1.1.1 h1:vj9j/u1bqnvCEfJOwUhtlOARqs3+kagZ2HvvSAzQ6YI=
github.com/davecgh/go-spew v1.1.1/go.mod h1:J7Y8YcW2NihsgmVo/mv3lAwl/skON4iLHjSsI+c5H38=
github.com/deckarep/golang-set/v2 v2.8.0 h1:swmHOF2+aoupjQHZqo3YebnptGQCKnNqoRwc4HtZx5I=
github.com/deckarep/golang-set/v2 v2.8.0/go.mod h1:4b6vYBOkLAs6wn6zzxOYjuJ3HlSu1t0whL59sffm0M8=
github.com/decred/dcrd/dcrec/secp256k1/v4 v4.4.0 h1:oWt9gW2PcR09K5w4aCH5wF9Qh5C5DqrRvO+4kwDYSA=
github.com/decred/dcrd/dcrec/secp256k1/v4 v4.4.0/go.mod h1:RDA7qK+abL65eELTRo59CmPyHKepjx9mANLv/3Y49yQ=
github.com/ethereum/c-kzg-4844/v2 v2.1.6 h1:mtq2cdbA/GLDdOXhEzKdIYVdQ/lK8NciJAL2yYsG3p0=
github.com/ethereum/c-kzg-4844/v2 v2.1.6/go.mod h1:3NINNGIC22SiBDm5HUDBp0EoqfGsf5LsFZmcDp9M+bY=
github.com/ethereum/go-ethereum v1.17.1 h1:z9QHZB3lH3s2JFx4THeEMuAJL9UrvCQrxFuhq1NZf7s=
github.com/ethereum/go-ethereum v1.17.1/go.mod h1:xwxZpLe1k7e5NQhOb6TIm/sTEIyb2s4p/6Vmls9n3RU=
github.com/fxamacker/cbor/v2 v2.9.0 h1:1F6TnQsv4k8A6LyBXmk6yglLq9CM+RDVYqGEEfLCphA=
github.com/fxamacker/cbor/v2 v2.9.0/go.mod h1:vzrH3nBMv1XjZ2Fy4ae/l08rw+FIDM99kBuAPrFAIEM=
github.com/go-json-experiment/json v0.0.0-20260214004413-d219187c3433 h1:rBUkNh3qNmssOaI1PSs3W0lyNICd1ZZ85WFED/kJVEA=
github.com/go-json-experiment/json v0.0.0-20260214004413-d219187c3433/go.mod h1:6DaplAwPGY8OZdMj+txUZwAKRl5Azn5GO/GL7JHPLbg=
github.com/go-logr/logr v1.2.2/go.mod h1:jdQByPbusPIv2/zmleS9BjJVeZ6kBagPoEUsqbVz/1A=
github.com/go-logr/logr v1.4.3 h1:CjnD3Hv4YpIu0ln86k3B5p2MBSXJFAOzyKrMN4+aqOw=
github.com/go-logr/logr v1.4.3/go.mod h1:9T104GCzh2NuiekFdBylUZ8O0B0zppL7aZrwn/+dCi4=
github.com/go-logr/stdr v1.2.2 h1:hSWxHoqTgW2S2qGc0LTAI563Kku5Tqh6Xnmi8TKj9u4=
github.com/go-logr/stdr v1.2.2/go.mod h1:mMo/vtBO5dYbehREoey6XUKy/eSumjCCveDpRre4VKE=
github.com/go-ole/go-ole v1.2.6/go.mod h1:pprOEPIfldk/42T2oK7lQ4vcwDHArTNKP0EuAOZW8QQ=
github.com/go-ole/go-ole v1.3.0 h1:Dt6ye7+vXGJKZESGgaLzpkM85t6R/uNDQ5MdzJpJhHE=
github.com/go-ole/go-ole v1.3.0/go.mod h1:5LS6F96DhAwUc7C+1HLexzMXY1xGRSryjyPPKW6zv78=
github.com/go-viper/mapstructure/v2 v2.5.0 h1:0mRUlIB3NepyPZ9O7JLplfSn3PR4dFQM7I3yC1UvZAw=
github.com/go-viper/mapstructure/v2 v2.5.0/go.mod h1:oJDHNM7IwnhMqGXJYWD3yEdJkmBDekMiHdwGIK5lITo=
github.com/go-webauthn/webauthn v0.16.1 h1:C8LodXynW+Uf3Q0SHz4h75BxYxn3qL8i83dAXuncoNc=
github.com/go-webauthn/webauthn v0.16.1/go.mod h1:pybUlve1FOJd5H8ZggRiG2GaFi0JbcFTbAFDxmYt5SQ=
github.com/go-webauthn/x v0.2.2 h1:FM5bVFOKAcgOm2u0F/+D9jBJj3I88qPc1NNNSQJ+Y7c=
github.com/go-webauthn/x v0.2.2/go.mod h1:8Nvuvw+//U2tA/zT4XhqQsOxRrI9oQB+R79g+7b1bZo=
github.com/gobwas/httphead v0.1.0 h1:exrUm0f4YX0L7EBwZHuCF4GDp8aJfVeBrlLQrs6NqWU=
github.com/gobwas/httphead v0.1.0/go.mod h1:O/RXo79gxV8G+RqlR/otEwx4Q36zl9rqC5u12GKvMCM=
github.com/gobwas/pool v0.2.1 h1:xfeeEhW7pwmX8nuLVlqbVwUEl5Scr7FUTAfNxXDAeco=
github.com/gobwas/pool v0.2.1/go.mod h1:q8bcK0KcYlCgd9e7WYLm9LpyS+YeLd8JVDW6WezmKEw=
github.com/gobwas/ws v1.4.0 h1:4FpN2kUMkjc7h2r3mFz3mB7rqGadC9hMb1QWkqLvHwY=
github.com/gobwas/ws v1.4.0/go.mod h1:G3gNqMNtPppf0240L9RFqEjWUxJkIbiD0o47mNTMpSY=
github.com/golang-jwt/jwt/v5 v5.3.1 h1:2S5luTo/SqKfhd3k8LWM3uF43IVem0vjpF82vP3yf/Y=
github.com/golang-jwt/jwt/v5 v5.3.1/go.mod h1:Jsw7cQ1gl7PTzImMm6SCpxpjX0KiUhS2UvKhyKcUucs=
github.com/google/go-cmp v0.7.0 h1:jrkYmm/qcByjKALJ4TPKy8OIYPtq60lyIYrE2OlkCuE=
github.com/google/go-cmp v0.7.0/go.mod h1:p5h5WyEb7rRX5GE5Qu64yJkCPXX3YhmYOE85o+7Gukc=
github.com/google/go-tpm v0.9.8 h1:FhIfRBwGLnXK0+kOn5L03HTdCs1Wn09SESslPsbCEXI=
github.com/google/go-tpm v0.9.8/go.mod h1:h9jEsTzhu0JIN9GK+1rnbB6V+l7MH2C3EEGxwFOa+pg=
github.com/google/uuid v1.6.0 h1:NIvaJDMOsjHA8n1jAhLSgzrAzy1Hgr+hNrb57e+65qM=
github.com/google/uuid v1.6.0/go.mod h1:TIyPZe4MgqvfeYDBFedMoGGpEw/LqOeaOT+nhxU+yHo=
github.com/gorilla/websocket v1.5.3 h1:saDtZ6Pbq3wU5aBViVKkRUQ7Zk0xka0NF4PH4GrlR3M=
github.com/gorilla/websocket v1.5.3/go.mod h1:YR8l580nyteQvAITg2hZ9XVh4b55Kc7d+oXMcJ2NfK4=
github.com/holiman/uint256 v1.3.2 h1:locofTwnsGSWty1aFtfF3JL4UFH4xXBg3sPGGPkNcp8=
github.com/holiman/uint256 v1.3.2/go.mod h1:EOMSn4q6Nyt9k7ldM1VJopSMHau1sBR0cFOQRof2i/k=
github.com/openai/openai-go v1.12.0 h1:r4eGo6SDAz9lkA2LJtWjBKbGYbh+qRlrAIQH24Q5O80=
github.com/openai/openai-go v1.12.0/go.mod h1:lmWJJM8nUCMyuV+0n3FrYG+FsFNpPftT3j/cnf2WHK4=
github.com/pmezard/go-difflib v1.0.0 h1:4DBwDE0NGyQoBHbLQYPwSUPoCMWR5BEzIk/f1lZbAQM=
github.com/pmezard/go-difflib v1.0.0/go.mod h1:iKH77koFhYxTK1pcRnkKkqfTogsbg7gZNVY4sRDYZ/4=
github.com/santhosh-tekuri/jsonschema/v6 v6.0.2 h1:adpcYuZcBIf3Ot/z9/YE29l2H7hoJBm3g97Dq/rV+Hw=
github.com/santhosh-tekuri/jsonschema/v6 v6.0.2/go.mod h1:oL13FZ2n8cOwlb0+CG1o3yWTdORaiJILWGfw8YnF5e0=
github.com/shirou/gopsutil v3.21.11+incompatible h1:+1+cxhVGnwnNttAOqhB07Gduw8OSgk+F4sq5gGpSy28=
github.com/shirou/gopsutil v3.21.11+incompatible/go.mod h1:5b4v6he4MtMOwMlS0TUMTu2PcXUg8+E1lC7eC3UO/RA=
github.com/stretchr/objx v0.5.3 h1:YH+DcD+7W1U8h+Iup20Nw4dRjk1XGylJG8KkrJ0AzO0=
github.com/stretchr/objx v0.5.3/go.mod h1:FRsXN1f5AsAj3JKqbrEeeDhbFGqDYsUpcA+R3sSYoBE=
github.com/stretchr/testify v1.11.1 h1:uVqteup7Vypcfaz5nOw94oOTEMafbFGlNntKhSf2HDU=
github.com/stretchr/testify v1.11.1/go.mod h1:89Oqxh++bHHoTHeKp+LWfJ9C1bVP42gOywpZh3bsAfs=
github.com/stripe/stripe-go/v79 v79.12.0 h1:Daw4hMn2QB6BOrvhYhSCrObluGY5uSGHJTPW85/F3ws=
github.com/stripe/stripe-go/v79 v79.12.0/go.mod h1:LKeYNl0VtNQ3pOxcnmC87gB0MMNHCIcJNFb2FzKIZSg=
github.com/supranational/blst v0.3.16 h1:bTDadT+3fK497EvLdWRQEjiGnUtzJ7jjIUMF0jq4EZI=
github.com/supranational/blst v0.3.16/go.mod h1:jZJtfjgudtNl4en1tzwPIV3KjUnQUvG3/j+w+fVonLw=
github.com/syndtr/goleveldb v1.0.1-0.20210819022825-2ae1ddf74ef7 h1:epCh84lMvA70Z7CTTCmYQn2CKbY8j86K7/FAIr141uY=
github.com/syndtr/goleveldb v1.0.1-0.20210819022825-2ae1ddf74ef7/go.mod h1:q4W45IWZaF22tdD+VEXcAWRA037jwmWEB5VWYORlTpc=
github.com/theory-cloud/apptheory v1.7.1 h1:NXtOORxBU9hAfY2IdGpnv15katN4ivCkuWlejwnVjhw=
github.com/theory-cloud/apptheory v1.7.1/go.mod h1:IWDWb5NChOgaChceWniCEQF0PQ+ddMSca7hpv18ljFY=
github.com/theory-cloud/tabletheory v1.8.3 h1:LJeON7t8YTjKr8BXWV3GEe7qk69F6ElE4R2XBS1y9IY=
github.com/theory-cloud/tabletheory v1.8.3/go.mod h1:YV1toSvmQE6J1YhIvQcEkbz5PKygDfrLrCgG+wRTZ3U=
github.com/tidwall/gjson v1.14.2/go.mod h1:/wbyibRr2FHMks5tjHJ5F8dMZh3AcwJEMf5vlfC0lxk=
github.com/tidwall/gjson v1.18.0 h1:FIDeeyB800efLX89e5a8Y0BNH+LOngJyGrIWxM2vkRs=
github.com/tidwall/gjson v1.18.0/go.mod h1:/wbyibRr2FHMks5tjHJ5F8dMZh3AcwJEMf5vlfC0lxk=
github.com/tidwall/match v1.1.1/go.mod h1:eRSPERbgtNPcGhD8UCthc6PmLEQXEWd3PRB5JTxsfmM=
github.com/tidwall/match v1.2.0 h1:ojhmq4oOyS8fTqgYNWG8BZ7fOmtG16oBTLGSPc+/gWs=
github.com/tidwall/match v1.2.0/go.mod h1:eRSPERbgtNPcGhD8UCthc6PmLEQXEWd3PRB5JTxsfmM=
github.com/tidwall/pretty v1.2.0/go.mod h1:ITEVvHYasfjBbM0u2Pg8T2nJnzm8xPwvNhhsoaGGjNU=
github.com/tidwall/pretty v1.2.1 h1:qjsOFOWWQl+N3RsoF5/ssm1pHmJJwhjlSbZ51I6wMl4=
github.com/tidwall/pretty v1.2.1/go.mod h1:ITEVvHYasfjBbM0u2Pg8T2nJnzm8xPwvNhhsoaGGjNU=
github.com/tidwall/sjson v1.2.5 h1:kLy8mja+1c9jlljvWTlSazM7cKDRfJuR/bOJhcY5NcY=
github.com/tidwall/sjson v1.2.5/go.mod h1:Fvgq9kSYK6D6rEr3C3LaE6t/X+uAhoLQJXmxJz8Qb3s=
github.com/tklauser/go-sysconf v0.3.12/go.mod h1:Ho14jnntGE1fpdOqQEEaiKRpcOoac0V16fGN58FVqsU=
github.com/tklauser/go-sysconf v0.3.16 h1:9gaqUX6IS2O44FFCu3v2heGWXaQLHnIx1EEwKMQAPfA=
github.com/tklauser/go-sysconf v0.3.16/go.mod h1:7cm3WU4v4/xkQxDhUsKnDqTVCzM5p2PkMK18qqNu9Es=
github.com/tklauser/numcpus v0.6.1/go.mod h1:1XfjsgE2zo8GVw7POkMbHENHzV/wRNnveG3Y1F9Yh/E=
github.com/tklauser/numcpus v0.11.0 h1:QHgC2FmnMujgCbsk6CSNSh5C5vNL7DZERuRQUgs9Y7E=
github.com/tklauser/numcpus v0.11.0/go.mod h1:fLq+Ak47oYwpWtZx2qoLR8sOi3N5cYtGYTnLhC7V3Fc=
github.com/x448/float16 v0.8.4 h1:qLwI1I70+NjRFUR3zs1JPUCgaCXSh3SW62uAKT1mJBM=
github.com/x448/float16 v0.8.4/go.mod h1:14CWIY7WlW3L7Q83LYk5qixIhxnzCz+E2zQ+Ad11rWM=
github.com/yusufpapurcu/wmi v1.2.4 h1:zFUKGhAFIG5j7/XUEtZyzMiYXWhcqdOVMbE/Y+6njeI=
github.com/yusufpapurcu/wmi v1.2.4/go.mod h1:SBZ9tNy3G9/m5Oi98Zks0QjehmGEhuANpJSsVGrRqAE=
go.opentelemetry.io/auto/sdk v1.2.1 h1:jZfRK/y5yr9FQoQo3/m9gUFRbTBxlDl/HI+5hI6BXAI=
go.opentelemetry.io/auto/sdk v1.2.1/go.mod h1:KRTX2KMjDZD4vAKSibx3/vqSnhJjqOFoE5wsmcQM6/o=
go.opentelemetry.io/otel v1.43.0 h1:JKd2X07zhFLDhMEUNhsAxGcR1edhgxTOh3L43PGVEJ4=
go.opentelemetry.io/otel v1.43.0/go.mod h1:2nv6QV4pGF3U3jBsNcNbQJpSpSLpY+lq0rDBQG0svhY=
go.opentelemetry.io/otel/metric v1.43.0 h1:k33+IR+P73AFV/0rCM3fUBkG3L5e7UOwRl3BlMJyKuA=
go.opentelemetry.io/otel/metric v1.43.0/go.mod h1:QFOhVgb14czCn7V3Csoys1+FCgEhSWpHD+rf0BCw/TE=
go.opentelemetry.io/otel/sdk v1.43.0 h1:nfe8/FqJ8oDTYHGV1gIdnQO86vzSg6BA6c5bJXvlHnk=
go.opentelemetry.io/otel/sdk v1.43.0/go.mod h1:aQ4eN0EfEF7VNMgO0WqGfY6Xos7WJeI+RRuR0c1m0u0=
go.opentelemetry.io/otel/trace v1.43.0 h1:q6jfRs8tGVTOWdhVW0aiujjqbhxBQJ2ID24fAR7tg3k=
go.opentelemetry.io/otel/trace v1.43.0/go.mod h1:2nLhgI/Q3uQjFXsD5G9NaCExXp+FVFM19L8AtbYEFS4=
golang.org/x/crypto v0.51.0 h1:7bBBmOaiQdsNhLBW7Hq7vn9uKSCi1EQI+OsY+IBTCfs=
golang.org/x/crypto v0.51.0/go.mod h1:G49G7HMsQJwqVWe/rM1ao2yZgLGIrC0UyJZ0rYD3RgU=
golang.org/x/net v0.55.0 h1:gEwk/u0uh50/UpTK89FWQxkTehuO6DnbY1G5Ixt/43g=
golang.org/x/net v0.55.0/go.mod h1:RqGaGKs4D3FCfP2sf6Dfs3aR+Jh7MmCFIISo5Yig3+o=
golang.org/x/sync v0.20.0 h1:36GjUMmsx4AAbEZr7+RSsnBBaC6UmtclFzZt6nHUhTs=
golang.org/x/sync v0.20.0/go.mod h1:GEUoIEu04hGBuE+Fj3sRGEv4LAEHtTmF2B5KNE3RFvA=
golang.org/x/sys v0.45.0 h1:yDG/Yw5/wI1u6U2CdzVHHw6+o3pOW0P20mqOQvKkuYQ=
golang.org/x/sys v0.45.0/go.mod h1:XHPYWqOxsKppSSMp+4SV76/tmkQejwh64yVjYjkTohg=
golang.org/x/text v0.37.0 h1:va3axyRTFTI4lRq7F96OWcYNS+DRTVN3j4h3h+LJa1o=
golang.org/x/text v0.37.0/go.mod h1:rYY2yGhvCkErx6F2s4H0m9pRxF7y1Xmmv1JfJo2J/6k=
gopkg.in/check.v1 v0.0.0-20161208181325-20d25e280405/go.mod h1:Co6ibVJAznAaIkqp8huTwlJQCZ016jof/cbN4VW5Yz0=
gopkg.in/check.v1 v1.0.0-20201130134442-10cb98267c6c h1:Hei/4ADfdWqJk1ZMxUNpqntNwaWcugrBjAiHlqqRiVk=
gopkg.in/check.v1 v1.0.0-20201130134442-10cb98267c6c/go.mod h1:JHkPIbrfpd72SG/EVd6muEfDQjcINNoR0C8j2r3qZ4Q=
gopkg.in/yaml.v3 v3.0.1 h1:fxVm/GzAzEWqLHuvctI91KS9hhNmmWOoWu0XTYJE68CQ=
gopkg.in/yaml.v3 v3.0.1/go.mod h1:K4uyk7z7BCEPqu6E+C64Yfv1cQ7kz7rIZviUmN+EgEM=
